// !$*UTF8*$!
{
	archiveVersion = 1;
	classes = {
	};
	objectVersion = 54;
	objects = {

/* Begin PBXAggregateTarget section */
		A599615DFCED4DC6816AF671 /* ALL_BUILD */ = {
			isa = PBXAggregateTarget;
			buildConfigurationList = 2C8AA7CB0E5F49ADA2D2B199 /* Build configuration list for PBXAggregateTarget "ALL_BUILD" */;
			buildPhases = (
				41152E0ED7377CCA24EC8198 /* Generate CMakeFiles/ALL_BUILD */,
			);
			dependencies = (
				AA3371126BF845ACA7F53E0A /* PBXTargetDependency */,
				CC22208575244EC88DAD4515 /* PBXTargetDependency */,
				F455E52EB9BE45E19DABCCCC /* PBXTargetDependency */,
			);
			name = ALL_BUILD;
			productName = ALL_BUILD;
		};
		D193523E615747ADA66179EE /* test_lasagna */ = {
			isa = PBXAggregateTarget;
			buildConfigurationList = 7FF83C3E894A45BFA000E2C5 /* Build configuration list for PBXAggregateTarget "test_lasagna" */;
			buildPhases = (
				88559B4CC5F44A620F6AA2FA /* Generate CMakeFiles/test_lasagna */,
			);
			dependencies = (
				D14EEBA027ED4FBFA5CEB60B /* PBXTargetDependency */,
				88AC19D1B3D646F88D6D08D2 /* PBXTargetDependency */,
			);
			name = test_lasagna;
			productName = test_lasagna;
		};
		E07DED4CDA694A8197E70952 /* ZERO_CHECK */ = {
			isa = PBXAggregateTarget;
			buildConfigurationList = 3FFC41CC04FD4876BD8F9D7C /* Build configuration list for PBXAggregateTarget "ZERO_CHECK" */;
			buildPhases = (
				9F579E2FB2202BABEB7D7637 /* Generate CMakeFiles/ZERO_CHECK */,
			);
			dependencies = (
			);
			name = ZERO_CHECK;
			productName = ZERO_CHECK;
		};
/* End PBXAggregateTarget section */

/* Begin PBXBuildFile section */
		3F9D4DF12BE81F3700353424 /* main.cpp in Sources */ = {isa = PBXBuildFile; fileRef = 3F9D4DF02BE81F3700353424 /* main.cpp */; };
		D868219ADD674639A6531C6B /* lasagna_test.cpp in Sources */ = {isa = PBXBuildFile; fileRef = 43871D00AD244D388ADC3B53 /* lasagna_test.cpp */; };
		F9D3930DD6C94F7F89C202B7 /* tests-main.cpp in Sources */ = {isa = PBXBuildFile; fileRef = 55E24E056FCE4BA39A73428D /* tests-main.cpp */; };
/* End PBXBuildFile section */

/* Begin PBXContainerItemProxy section */
		23266667BECE4E4D8E228C2D /* PBXContainerItemProxy */ = {
			isa = PBXContainerItemProxy;
			containerPortal = 59A0866312914FC7B198018F /* Project object */;
			proxyType = 1;
			remoteGlobalIDString = E07DED4CDA694A8197E70952;
			remoteInfo = ZERO_CHECK;
		};
		694D38B6B7124F68B8C84711 /* PBXContainerItemProxy */ = {
			isa = PBXContainerItemProxy;
			containerPortal = 59A0866312914FC7B198018F /* Project object */;
			proxyType = 1;
			remoteGlobalIDString = AB0789ACCCC2418EBEF9B96E;
			remoteInfo = lasagna;
		};
		7F1B7222EB54417598D8EBEB /* PBXContainerItemProxy */ = {
			isa = PBXContainerItemProxy;
			containerPortal = 59A0866312914FC7B198018F /* Project object */;
			proxyType = 1;
			remoteGlobalIDString = D193523E615747ADA66179EE;
			remoteInfo = test_lasagna;
		};
		9E32D97B1FAA433589282D79 /* PBXContainerItemProxy */ = {
			isa = PBXContainerItemProxy;
			containerPortal = 59A0866312914FC7B198018F /* Project object */;
			proxyType = 1;
			remoteGlobalIDString = E07DED4CDA694A8197E70952;
			remoteInfo = ZERO_CHECK;
		};
		CE188973EF1B4C949005DE4D /* PBXContainerItemProxy */ = {
			isa = PBXContainerItemProxy;
			containerPortal = 59A0866312914FC7B198018F /* Project object */;
			proxyType = 1;
			remoteGlobalIDString = E07DED4CDA694A8197E70952;
			remoteInfo = ZERO_CHECK;
		};
		EDDDCF0FC1F349DB9ABC9D94 /* PBXContainerItemProxy */ = {
			isa = PBXContainerItemProxy;
			containerPortal = 59A0866312914FC7B198018F /* Project object */;
			proxyType = 1;
			remoteGlobalIDString = AB0789ACCCC2418EBEF9B96E;
			remoteInfo = lasagna;
		};
/* End PBXContainerItemProxy section */

/* Begin PBXCopyFilesBuildPhase section */
		3F9D4DEC2BE81F3700353424 /* CopyFiles */ = {
			isa = PBXCopyFilesBuildPhase;
			buildActionMask = 2147483647;
			dstPath = /usr/share/man/man1/;
			dstSubfolderSpec = 0;
			files = (
			);
			runOnlyForDeploymentPostprocessing = 1;
		};
/* End PBXCopyFilesBuildPhase section */

/* Begin PBXFileReference section */
		1B73EAC4D3864458BFBB5235 /* CMakeLists.txt */ = {isa = PBXFileReference; explicitFileType = sourcecode.text; fileEncoding = 4; lastKnownFileType = text; path = CMakeLists.txt; sourceTree = SOURCE_ROOT; };
		3F9D4DEE2BE81F3700353424 /* - */ = {isa = PBXFileReference; explicitFileType = "compiled.mach-o.executable"; includeInIndex = 0; path = "-"; sourceTree = BUILT_PRODUCTS_DIR; };
		3F9D4DF02BE81F3700353424 /* main.cpp */ = {isa = PBXFileReference; lastKnownFileType = sourcecode.cpp.cpp; path = main.cpp; sourceTree = "<group>"; };
		43871D00AD244D388ADC3B53 /* lasagna_test.cpp */ = {isa = PBXFileReference; explicitFileType = sourcecode.cpp.cpp; fileEncoding = 4; path = lasagna_test.cpp; sourceTree = SOURCE_ROOT; };
		55E24E056FCE4BA39A73428D /* tests-main.cpp */ = {isa = PBXFileReference; explicitFileType = sourcecode.cpp.cpp; fileEncoding = 4; name = "tests-main.cpp"; path = "test/tests-main.cpp"; sourceTree = SOURCE_ROOT; };
		79E2FCEB2A294DA8A031A6FE /* CMakeLists.txt */ = {isa = PBXFileReference; explicitFileType = sourcecode.text; fileEncoding = 4; lastKnownFileType = text; path = CMakeLists.txt; sourceTree = SOURCE_ROOT; };
		9A9AFB3A774F49FDB690BA1D /* lasagna */ = {isa = PBXFileReference; explicitFileType = "compiled.mach-o.executable"; path = lasagna; sourceTree = BUILT_PRODUCTS_DIR; };
		C878645A27CD49D9979185CE /* CMakeLists.txt */ = {isa = PBXFileReference; explicitFileType = sourcecode.text; fileEncoding = 4; lastKnownFileType = text; path = CMakeLists.txt; sourceTree = SOURCE_ROOT; };
/* End PBXFileReference section */

/* Begin PBXFrameworksBuildPhase section */
		3F9D4DEB2BE81F3700353424 /* Frameworks */ = {
			isa = PBXFrameworksBuildPhase;
			buildActionMask = 2147483647;
			files = (
			);
			runOnlyForDeploymentPostprocessing = 0;
		};
		BCD8648C13504F09B4DCEF91 /* Frameworks */ = {
			isa = PBXFrameworksBuildPhase;
			buildActionMask = 2147483647;
			files = (
			);
			runOnlyForDeploymentPostprocessing = 0;
		};
/* End PBXFrameworksBuildPhase section */

/* Begin PBXGroup section */
		09B64CD93291441B90395CEE /* ALL_BUILD */ = {
			isa = PBXGroup;
			children = (
				4431E86664AB43A5A0940E70 /* CMake Rules */,
				C878645A27CD49D9979185CE /* CMakeLists.txt */,
			);
			name = ALL_BUILD;
			sourceTree = "<group>";
		};
		2DD5AF740E6F487AB36E938B /* test_lasagna */ = {
			isa = PBXGroup;
			children = (
				F88535B248294AB081C8E461 /* CMake Rules */,
				79E2FCEB2A294DA8A031A6FE /* CMakeLists.txt */,
			);
			name = test_lasagna;
			sourceTree = "<group>";
		};
		3F9D4DEF2BE81F3700353424 /* - */ = {
			isa = PBXGroup;
			children = (
				3F9D4DF02BE81F3700353424 /* main.cpp */,
			);
			path = "-";
			sourceTree = "<group>";
		};
		4431E86664AB43A5A0940E70 /* CMake Rules */ = {
			isa = PBXGroup;
			children = (
			);
			name = "CMake Rules";
			sourceTree = "<group>";
		};
		62AA6344EC7E4265BF7E607F /* Resources */ = {
			isa = PBXGroup;
			children = (
			);
			name = Resources;
			sourceTree = "<group>";
		};
		6F5A23F9F4DC4FC28EAB0E9E /* Source Files */ = {
			isa = PBXGroup;
			children = (
				43871D00AD244D388ADC3B53 /* lasagna_test.cpp */,
				55E24E056FCE4BA39A73428D /* tests-main.cpp */,
			);
			name = "Source Files";
			sourceTree = "<group>";
		};
		910C4A3691B546149948006E /* Frameworks */ = {
			isa = PBXGroup;
			children = (
			);
			name = Frameworks;
			sourceTree = "<group>";
		};
		9276626C683A4248920B5CF3 = {
			isa = PBXGroup;
			children = (
				AF5563B84DCA4F6F90FCE806 /* lasagna */,
				2DD5AF740E6F487AB36E938B /* test_lasagna */,
				09B64CD93291441B90395CEE /* ALL_BUILD */,
				3F9D4DEF2BE81F3700353424 /* - */,
				DEF8E13A59E74E4B808410CB /* Products */,
				910C4A3691B546149948006E /* Frameworks */,
				62AA6344EC7E4265BF7E607F /* Resources */,
			);
			sourceTree = "<group>";
		};
		AF5563B84DCA4F6F90FCE806 /* lasagna */ = {
			isa = PBXGroup;
			children = (
				6F5A23F9F4DC4FC28EAB0E9E /* Source Files */,
				1B73EAC4D3864458BFBB5235 /* CMakeLists.txt */,
			);
			name = lasagna;
			sourceTree = "<group>";
		};
		DEF8E13A59E74E4B808410CB /* Products */ = {
			isa = PBXGroup;
			children = (
				9A9AFB3A774F49FDB690BA1D /* lasagna */,
				3F9D4DEE2BE81F3700353424 /* - */,
			);
			name = Products;
			sourceTree = "<group>";
		};
		F88535B248294AB081C8E461 /* CMake Rules */ = {
			isa = PBXGroup;
			children = (
			);
			name = "CMake Rules";
			sourceTree = "<group>";
		};
/* End PBXGroup section */

/* Begin PBXNativeTarget section */
		3F9D4DED2BE81F3700353424 /* - */ = {
			isa = PBXNativeTarget;
			buildConfigurationList = 3F9D4DF62BE81F3700353424 /* Build configuration list for PBXNativeTarget "-" */;
			buildPhases = (
				3F9D4DEA2BE81F3700353424 /* Sources */,
				3F9D4DEB2BE81F3700353424 /* Frameworks */,
				3F9D4DEC2BE81F3700353424 /* CopyFiles */,
			);
			buildRules = (
			);
			dependencies = (
			);
			name = "-";
			productName = "-";
			productReference = 3F9D4DEE2BE81F3700353424 /* - */;
			productType = "com.apple.product-type.tool";
		};
		AB0789ACCCC2418EBEF9B96E /* lasagna */ = {
			isa = PBXNativeTarget;
			buildConfigurationList = 0E509BB2F3884A3ABF9CA206 /* Build configuration list for PBXNativeTarget "lasagna" */;
			buildPhases = (
				91713DAD78214C1C8D072DEA /* Sources */,
				BCD8648C13504F09B4DCEF91 /* Frameworks */,
			);
			buildRules = (
			);
			dependencies = (
				72DD73313DB94FF1B396DE36 /* PBXTargetDependency */,
			);
			name = lasagna;
			productName = lasagna;
			productReference = 9A9AFB3A774F49FDB690BA1D /* lasagna */;
			productType = "com.apple.product-type.tool";
		};
/* End PBXNativeTarget section */

/* Begin PBXProject section */
		59A0866312914FC7B198018F /* Project object */ = {
			isa = PBXProject;
			attributes = {
				DefaultBuildSystemTypeForWorkspace = Latest;
				LastUpgradeCheck = 1530;
				TargetAttributes = {
					3F9D4DED2BE81F3700353424 = {
						CreatedOnToolsVersion = 15.3;
					};
				};
			};
			buildConfigurationList = A54A67CE1E0E4169B118AF7E /* Build configuration list for PBXProject "lasagna" */;
			compatibilityVersion = "Xcode 3.2";
			developmentRegion = en;
			hasScannedForEncodings = 0;
			knownRegions = (
				en,
				Base,
			);
			mainGroup = 9276626C683A4248920B5CF3;
			projectDirPath = "";
			projectRoot = "";
			targets = (
				A599615DFCED4DC6816AF671 /* ALL_BUILD */,
				E07DED4CDA694A8197E70952 /* ZERO_CHECK */,
				AB0789ACCCC2418EBEF9B96E /* lasagna */,
				D193523E615747ADA66179EE /* test_lasagna */,
				3F9D4DED2BE81F3700353424 /* - */,
			);
		};
/* End PBXProject section */

/* Begin PBXShellScriptBuildPhase section */
		41152E0ED7377CCA24EC8198 /* Generate CMakeFiles/ALL_BUILD */ = {
			isa = PBXShellScriptBuildPhase;
			alwaysOutOfDate = 1;
			buildActionMask = 2147483647;
			files = (
			);
			inputPaths = (
			);
			name = "Generate CMakeFiles/ALL_BUILD";
			outputPaths = (
				"/Users/jocelinqueau/Desktop/jocyhome/personal-code/exercisms/cpp/lasagna/CMakeFiles/ALL_BUILD",
			);
			runOnlyForDeploymentPostprocessing = 0;
			shellPath = /bin/sh;
			shellScript = "set -e\nif test \"$CONFIGURATION\" = \"Debug\"; then :\n  cd /Users/jocelinqueau/Desktop/jocyhome/personal-code/exercisms/cpp/lasagna\n  echo Build\\ all\\ projects\nfi\nif test \"$CONFIGURATION\" = \"Release\"; then :\n  cd /Users/jocelinqueau/Desktop/jocyhome/personal-code/exercisms/cpp/lasagna\n  echo Build\\ all\\ projects\nfi\nif test \"$CONFIGURATION\" = \"MinSizeRel\"; then :\n  cd /Users/jocelinqueau/Desktop/jocyhome/personal-code/exercisms/cpp/lasagna\n  echo Build\\ all\\ projects\nfi\nif test \"$CONFIGURATION\" = \"RelWithDebInfo\"; then :\n  cd /Users/jocelinqueau/Desktop/jocyhome/personal-code/exercisms/cpp/lasagna\n  echo Build\\ all\\ projects\nfi\n";
			showEnvVarsInLog = 0;
		};
		88559B4CC5F44A620F6AA2FA /* Generate CMakeFiles/test_lasagna */ = {
			isa = PBXShellScriptBuildPhase;
			alwaysOutOfDate = 1;
			buildActionMask = 2147483647;
			files = (
			);
			inputPaths = (
				"/Users/jocelinqueau/Desktop/jocyhome/personal-code/exercisms/cpp/lasagna/Debug/lasagna",
				"/Users/jocelinqueau/Desktop/jocyhome/personal-code/exercisms/cpp/lasagna/MinSizeRel/lasagna",
				"/Users/jocelinqueau/Desktop/jocyhome/personal-code/exercisms/cpp/lasagna/RelWithDebInfo/lasagna",
				"/Users/jocelinqueau/Desktop/jocyhome/personal-code/exercisms/cpp/lasagna/Release/lasagna",
			);
			name = "Generate CMakeFiles/test_lasagna";
			outputPaths = (
				"/Users/jocelinqueau/Desktop/jocyhome/personal-code/exercisms/cpp/lasagna/CMakeFiles/test_lasagna",
			);
			runOnlyForDeploymentPostprocessing = 0;
			shellPath = /bin/sh;
			shellScript = "set -e\nif test \"$CONFIGURATION\" = \"Debug\"; then :\n  cd /Users/jocelinqueau/Desktop/jocyhome/personal-code/exercisms/cpp/lasagna\n  /Users/jocelinqueau/Desktop/jocyhome/personal-code/exercisms/cpp/lasagna/Debug/lasagna\nfi\nif test \"$CONFIGURATION\" = \"Release\"; then :\n  cd /Users/jocelinqueau/Desktop/jocyhome/personal-code/exercisms/cpp/lasagna\n  /Users/jocelinqueau/Desktop/jocyhome/personal-code/exercisms/cpp/lasagna/Release/lasagna\nfi\nif test \"$CONFIGURATION\" = \"MinSizeRel\"; then :\n  cd /Users/jocelinqueau/Desktop/jocyhome/personal-code/exercisms/cpp/lasagna\n  /Users/jocelinqueau/Desktop/jocyhome/personal-code/exercisms/cpp/lasagna/MinSizeRel/lasagna\nfi\nif test \"$CONFIGURATION\" = \"RelWithDebInfo\"; then :\n  cd /Users/jocelinqueau/Desktop/jocyhome/personal-code/exercisms/cpp/lasagna\n  /Users/jocelinqueau/Desktop/jocyhome/personal-code/exercisms/cpp/lasagna/RelWithDebInfo/lasagna\nfi\n";
			showEnvVarsInLog = 0;
		};
		9F579E2FB2202BABEB7D7637 /* Generate CMakeFiles/ZERO_CHECK */ = {
			isa = PBXShellScriptBuildPhase;
			alwaysOutOfDate = 1;
			buildActionMask = 2147483647;
			files = (
			);
			inputPaths = (
			);
			name = "Generate CMakeFiles/ZERO_CHECK";
			outputPaths = (
				"/Users/jocelinqueau/Desktop/jocyhome/personal-code/exercisms/cpp/lasagna/CMakeFiles/ZERO_CHECK",
			);
			runOnlyForDeploymentPostprocessing = 0;
			shellPath = /bin/sh;
			shellScript = "set -e\nif test \"$CONFIGURATION\" = \"Debug\"; then :\n  cd /Users/jocelinqueau/Desktop/jocyhome/personal-code/exercisms/cpp/lasagna\n  make -f /Users/jocelinqueau/Desktop/jocyhome/personal-code/exercisms/cpp/lasagna/CMakeScripts/ReRunCMake.make\nfi\nif test \"$CONFIGURATION\" = \"Release\"; then :\n  cd /Users/jocelinqueau/Desktop/jocyhome/personal-code/exercisms/cpp/lasagna\n  make -f /Users/jocelinqueau/Desktop/jocyhome/personal-code/exercisms/cpp/lasagna/CMakeScripts/ReRunCMake.make\nfi\nif test \"$CONFIGURATION\" = \"MinSizeRel\"; then :\n  cd /Users/jocelinqueau/Desktop/jocyhome/personal-code/exercisms/cpp/lasagna\n  make -f /Users/jocelinqueau/Desktop/jocyhome/personal-code/exercisms/cpp/lasagna/CMakeScripts/ReRunCMake.make\nfi\nif test \"$CONFIGURATION\" = \"RelWithDebInfo\"; then :\n  cd /Users/jocelinqueau/Desktop/jocyhome/personal-code/exercisms/cpp/lasagna\n  make -f /Users/jocelinqueau/Desktop/jocyhome/personal-code/exercisms/cpp/lasagna/CMakeScripts/ReRunCMake.make\nfi\n";
			showEnvVarsInLog = 0;
		};
/* End PBXShellScriptBuildPhase section */

/* Begin PBXSourcesBuildPhase section */
		3F9D4DEA2BE81F3700353424 /* Sources */ = {
			isa = PBXSourcesBuildPhase;
			buildActionMask = 2147483647;
			files = (
				3F9D4DF12BE81F3700353424 /* main.cpp in Sources */,
			);
			runOnlyForDeploymentPostprocessing = 0;
		};
		91713DAD78214C1C8D072DEA /* Sources */ = {
			isa = PBXSourcesBuildPhase;
			buildActionMask = 2147483647;
			files = (
				D868219ADD674639A6531C6B /* lasagna_test.cpp in Sources */,
				F9D3930DD6C94F7F89C202B7 /* tests-main.cpp in Sources */,
			);
			runOnlyForDeploymentPostprocessing = 0;
		};
/* End PBXSourcesBuildPhase section */

/* Begin PBXTargetDependency section */
		72DD73313DB94FF1B396DE36 /* PBXTargetDependency */ = {
			isa = PBXTargetDependency;
			target = E07DED4CDA694A8197E70952 /* ZERO_CHECK */;
			targetProxy = 23266667BECE4E4D8E228C2D /* PBXContainerItemProxy */;
		};
		88AC19D1B3D646F88D6D08D2 /* PBXTargetDependency */ = {
			isa = PBXTargetDependency;
			target = AB0789ACCCC2418EBEF9B96E /* lasagna */;
			targetProxy = 694D38B6B7124F68B8C84711 /* PBXContainerItemProxy */;
		};
		AA3371126BF845ACA7F53E0A /* PBXTargetDependency */ = {
			isa = PBXTargetDependency;
			target = E07DED4CDA694A8197E70952 /* ZERO_CHECK */;
			targetProxy = CE188973EF1B4C949005DE4D /* PBXContainerItemProxy */;
		};
		CC22208575244EC88DAD4515 /* PBXTargetDependency */ = {
			isa = PBXTargetDependency;
			target = D193523E615747ADA66179EE /* test_lasagna */;
			targetProxy = 7F1B7222EB54417598D8EBEB /* PBXContainerItemProxy */;
		};
		D14EEBA027ED4FBFA5CEB60B /* PBXTargetDependency */ = {
			isa = PBXTargetDependency;
			target = E07DED4CDA694A8197E70952 /* ZERO_CHECK */;
			targetProxy = 9E32D97B1FAA433589282D79 /* PBXContainerItemProxy */;
		};
		F455E52EB9BE45E19DABCCCC /* PBXTargetDependency */ = {
			isa = PBXTargetDependency;
			target = AB0789ACCCC2418EBEF9B96E /* lasagna */;
			targetProxy = EDDDCF0FC1F349DB9ABC9D94 /* PBXContainerItemProxy */;
		};
/* End PBXTargetDependency section */

/* Begin XCBuildConfiguration section */
		003A734D81194DCEB1DEA92E /* Release */ = {
			isa = XCBuildConfiguration;
			buildSettings = {
				ALWAYS_SEARCH_USER_PATHS = NO;
				COMBINE_HIDPI_IMAGES = YES;
				CONFIGURATION_BUILD_DIR = "/Users/jocelinqueau/Desktop/jocyhome/personal-code/exercisms/cpp/lasagna/Release";
				EXECUTABLE_PREFIX = "";
				EXECUTABLE_SUFFIX = "";
				GCC_GENERATE_DEBUGGING_SYMBOLS = NO;
				GCC_INLINES_ARE_PRIVATE_EXTERN = NO;
				GCC_OPTIMIZATION_LEVEL = 3;
				GCC_PREPROCESSOR_DEFINITIONS = (
					"'CMAKE_INTDIR=\"$(CONFIGURATION)$(EFFECTIVE_PLATFORM_NAME)\"'",
					"$(inherited)",
				);
				GCC_SYMBOLS_PRIVATE_EXTERN = NO;
				INSTALL_PATH = "";
				OTHER_CPLUSPLUSFLAGS = (
					"-DNDEBUG",
					"'-std=c++17'",
					"-Wall",
					"-Wextra",
					"-Wpedantic",
					"-Werror",
					"-Wno-unused-parameter",
				);
				OTHER_LDFLAGS = (
					"-Wl,-search_paths_first",
					"-Wl,-headerpad_max_install_names",
					"$(inherited)",
				);
				OTHER_REZFLAGS = "";
				PRODUCT_NAME = lasagna;
				SECTORDER_FLAGS = "";
				TARGET_TEMP_DIR = "/Users/jocelinqueau/Desktop/jocyhome/personal-code/exercisms/cpp/lasagna/build/lasagna.build/$(CONFIGURATION)$(EFFECTIVE_PLATFORM_NAME)";
				USE_HEADERMAP = NO;
				WARNING_CFLAGS = "$(inherited)";
			};
			name = Release;
		};
		0DAAB913829E4836A3EEFECF /* MinSizeRel */ = {
			isa = XCBuildConfiguration;
			buildSettings = {
				ARCHS = "$(NATIVE_ARCH_ACTUAL)";
				ONLY_ACTIVE_ARCH = YES;
				SDKROOT = /Applications/Xcode.app/Contents/Developer/Platforms/MacOSX.platform/Developer/SDKs/MacOSX14.4.sdk;
				SWIFT_COMPILATION_MODE = wholemodule;
				SYMROOT = "/Users/jocelinqueau/Desktop/jocyhome/personal-code/exercisms/cpp/lasagna/build";
			};
			name = MinSizeRel;
		};
		1BC34CF11F604CF396F4DE1B /* Debug */ = {
			isa = XCBuildConfiguration;
			buildSettings = {
				ALWAYS_SEARCH_USER_PATHS = NO;
				COMBINE_HIDPI_IMAGES = YES;
				GCC_GENERATE_DEBUGGING_SYMBOLS = YES;
				GCC_INLINES_ARE_PRIVATE_EXTERN = NO;
				GCC_OPTIMIZATION_LEVEL = 0;
				GCC_PREPROCESSOR_DEFINITIONS = (
					"'CMAKE_INTDIR=\"$(CONFIGURATION)$(EFFECTIVE_PLATFORM_NAME)\"'",
					"$(inherited)",
				);
				GCC_SYMBOLS_PRIVATE_EXTERN = NO;
				INSTALL_PATH = "";
				OTHER_LDFLAGS = " $(inherited)";
				OTHER_REZFLAGS = "";
				PRODUCT_NAME = ALL_BUILD;
				SECTORDER_FLAGS = "";
				USE_HEADERMAP = NO;
				WARNING_CFLAGS = "$(inherited)";
			};
			name = Debug;
		};
		25FB1C234257483A851E374D /* RelWithDebInfo */ = {
			isa = XCBuildConfiguration;
			buildSettings = {
				ALWAYS_SEARCH_USER_PATHS = NO;
				COMBINE_HIDPI_IMAGES = YES;
				GCC_GENERATE_DEBUGGING_SYMBOLS = YES;
				GCC_INLINES_ARE_PRIVATE_EXTERN = NO;
				GCC_OPTIMIZATION_LEVEL = 0;
				GCC_PREPROCESSOR_DEFINITIONS = (
					"'CMAKE_INTDIR=\"$(CONFIGURATION)$(EFFECTIVE_PLATFORM_NAME)\"'",
					"$(inherited)",
				);
				GCC_SYMBOLS_PRIVATE_EXTERN = NO;
				INSTALL_PATH = "";
				OTHER_LDFLAGS = " $(inherited)";
				OTHER_REZFLAGS = "";
				PRODUCT_NAME = ZERO_CHECK;
				SECTORDER_FLAGS = "";
				USE_HEADERMAP = NO;
				WARNING_CFLAGS = "$(inherited)";
			};
			name = RelWithDebInfo;
		};
		33C40FCD14C44CC096DAC95C /* RelWithDebInfo */ = {
			isa = XCBuildConfiguration;
			buildSettings = {
				ALWAYS_SEARCH_USER_PATHS = NO;
				COMBINE_HIDPI_IMAGES = YES;
				GCC_GENERATE_DEBUGGING_SYMBOLS = YES;
				GCC_INLINES_ARE_PRIVATE_EXTERN = NO;
				GCC_OPTIMIZATION_LEVEL = 0;
				GCC_PREPROCESSOR_DEFINITIONS = (
					"'CMAKE_INTDIR=\"$(CONFIGURATION)$(EFFECTIVE_PLATFORM_NAME)\"'",
					"$(inherited)",
				);
				GCC_SYMBOLS_PRIVATE_EXTERN = NO;
				INSTALL_PATH = "";
				OTHER_LDFLAGS = " $(inherited)";
				OTHER_REZFLAGS = "";
				PRODUCT_NAME = test_lasagna;
				SECTORDER_FLAGS = "";
				USE_HEADERMAP = NO;
				WARNING_CFLAGS = "$(inherited)";
			};
			name = RelWithDebInfo;
		};
		3B7B43D011934E4A9E96D048 /* RelWithDebInfo */ = {
			isa = XCBuildConfiguration;
			buildSettings = {
				ARCHS = "$(NATIVE_ARCH_ACTUAL)";
				ONLY_ACTIVE_ARCH = YES;
				SDKROOT = /Applications/Xcode.app/Contents/Developer/Platforms/MacOSX.platform/Developer/SDKs/MacOSX14.4.sdk;
				SWIFT_COMPILATION_MODE = wholemodule;
				SYMROOT = "/Users/jocelinqueau/Desktop/jocyhome/personal-code/exercisms/cpp/lasagna/build";
			};
			name = RelWithDebInfo;
		};
		3F9D4DF22BE81F3700353424 /* Debug */ = {
			isa = XCBuildConfiguration;
			buildSettings = {
				ALWAYS_SEARCH_USER_PATHS = NO;
				ASSETCATALOG_COMPILER_GENERATE_SWIFT_ASSET_SYMBOL_EXTENSIONS = YES;
				CLANG_ANALYZER_NONNULL = YES;
				CLANG_ANALYZER_NUMBER_OBJECT_CONVERSION = YES_AGGRESSIVE;
				CLANG_CXX_LANGUAGE_STANDARD = "gnu++20";
				CLANG_ENABLE_MODULES = YES;
				CLANG_ENABLE_OBJC_ARC = YES;
				CLANG_ENABLE_OBJC_WEAK = YES;
				CLANG_WARN_BLOCK_CAPTURE_AUTORELEASING = YES;
				CLANG_WARN_BOOL_CONVERSION = YES;
				CLANG_WARN_COMMA = YES;
				CLANG_WARN_CONSTANT_CONVERSION = YES;
				CLANG_WARN_DEPRECATED_OBJC_IMPLEMENTATIONS = YES;
				CLANG_WARN_DIRECT_OBJC_ISA_USAGE = YES_ERROR;
				CLANG_WARN_DOCUMENTATION_COMMENTS = YES;
				CLANG_WARN_EMPTY_BODY = YES;
				CLANG_WARN_ENUM_CONVERSION = YES;
				CLANG_WARN_INFINITE_RECURSION = YES;
				CLANG_WARN_INT_CONVERSION = YES;
				CLANG_WARN_NON_LITERAL_NULL_CONVERSION = YES;
				CLANG_WARN_OBJC_IMPLICIT_RETAIN_SELF = YES;
				CLANG_WARN_OBJC_LITERAL_CONVERSION = YES;
				CLANG_WARN_OBJC_ROOT_CLASS = YES_ERROR;
				CLANG_WARN_QUOTED_INCLUDE_IN_FRAMEWORK_HEADER = YES;
				CLANG_WARN_RANGE_LOOP_ANALYSIS = YES;
				CLANG_WARN_STRICT_PROTOTYPES = YES;
				CLANG_WARN_SUSPICIOUS_MOVE = YES;
				CLANG_WARN_UNGUARDED_AVAILABILITY = YES_AGGRESSIVE;
				CLANG_WARN_UNREACHABLE_CODE = YES;
				CLANG_WARN__DUPLICATE_METHOD_MATCH = YES;
				CODE_SIGN_STYLE = Automatic;
				COPY_PHASE_STRIP = NO;
				DEBUG_INFORMATION_FORMAT = dwarf;
				ENABLE_STRICT_OBJC_MSGSEND = YES;
				ENABLE_TESTABILITY = YES;
				ENABLE_USER_SCRIPT_SANDBOXING = YES;
				GCC_C_LANGUAGE_STANDARD = gnu17;
				GCC_DYNAMIC_NO_PIC = NO;
				GCC_NO_COMMON_BLOCKS = YES;
				GCC_OPTIMIZATION_LEVEL = 0;
				GCC_PREPROCESSOR_DEFINITIONS = (
					"DEBUG=1",
					"$(inherited)",
				);
				GCC_WARN_64_TO_32_BIT_CONVERSION = YES;
				GCC_WARN_ABOUT_RETURN_TYPE = YES_ERROR;
				GCC_WARN_UNDECLARED_SELECTOR = YES;
				GCC_WARN_UNINITIALIZED_AUTOS = YES_AGGRESSIVE;
				GCC_WARN_UNUSED_FUNCTION = YES;
				GCC_WARN_UNUSED_VARIABLE = YES;
				LOCALIZATION_PREFERS_STRING_CATALOGS = YES;
				MACOSX_DEPLOYMENT_TARGET = 14.4;
				MTL_ENABLE_DEBUG_INFO = INCLUDE_SOURCE;
				MTL_FAST_MATH = YES;
				PRODUCT_NAME = "$(TARGET_NAME)";
				SDKROOT = macosx;
			};
			name = Debug;
		};
		3F9D4DF32BE81F3700353424 /* Release */ = {
			isa = XCBuildConfiguration;
			buildSettings = {
				ALWAYS_SEARCH_USER_PATHS = NO;
				ASSETCATALOG_COMPILER_GENERATE_SWIFT_ASSET_SYMBOL_EXTENSIONS = YES;
				CLANG_ANALYZER_NONNULL = YES;
				CLANG_ANALYZER_NUMBER_OBJECT_CONVERSION = YES_AGGRESSIVE;
				CLANG_CXX_LANGUAGE_STANDARD = "gnu++20";
				CLANG_ENABLE_MODULES = YES;
				CLANG_ENABLE_OBJC_ARC = YES;
				CLANG_ENABLE_OBJC_WEAK = YES;
				CLANG_WARN_BLOCK_CAPTURE_AUTORELEASING = YES;
				CLANG_WARN_BOOL_CONVERSION = YES;
				CLANG_WARN_COMMA = YES;
				CLANG_WARN_CONSTANT_CONVERSION = YES;
				CLANG_WARN_DEPRECATED_OBJC_IMPLEMENTATIONS = YES;
				CLANG_WARN_DIRECT_OBJC_ISA_USAGE = YES_ERROR;
				CLANG_WARN_DOCUMENTATION_COMMENTS = YES;
				CLANG_WARN_EMPTY_BODY = YES;
				CLANG_WARN_ENUM_CONVERSION = YES;
				CLANG_WARN_INFINITE_RECURSION = YES;
				CLANG_WARN_INT_CONVERSION = YES;
				CLANG_WARN_NON_LITERAL_NULL_CONVERSION = YES;
				CLANG_WARN_OBJC_IMPLICIT_RETAIN_SELF = YES;
				CLANG_WARN_OBJC_LITERAL_CONVERSION = YES;
				CLANG_WARN_OBJC_ROOT_CLASS = YES_ERROR;
				CLANG_WARN_QUOTED_INCLUDE_IN_FRAMEWORK_HEADER = YES;
				CLANG_WARN_RANGE_LOOP_ANALYSIS = YES;
				CLANG_WARN_STRICT_PROTOTYPES = YES;
				CLANG_WARN_SUSPICIOUS_MOVE = YES;
				CLANG_WARN_UNGUARDED_AVAILABILITY = YES_AGGRESSIVE;
				CLANG_WARN_UNREACHABLE_CODE = YES;
				CLANG_WARN__DUPLICATE_METHOD_MATCH = YES;
				CODE_SIGN_STYLE = Automatic;
				COPY_PHASE_STRIP = NO;
				DEBUG_INFORMATION_FORMAT = "dwarf-with-dsym";
				ENABLE_NS_ASSERTIONS = NO;
				ENABLE_STRICT_OBJC_MSGSEND = YES;
				ENABLE_USER_SCRIPT_SANDBOXING = YES;
				GCC_C_LANGUAGE_STANDARD = gnu17;
				GCC_NO_COMMON_BLOCKS = YES;
				GCC_WARN_64_TO_32_BIT_CONVERSION = YES;
				GCC_WARN_ABOUT_RETURN_TYPE = YES_ERROR;
				GCC_WARN_UNDECLARED_SELECTOR = YES;
				GCC_WARN_UNINITIALIZED_AUTOS = YES_AGGRESSIVE;
				GCC_WARN_UNUSED_FUNCTION = YES;
				GCC_WARN_UNUSED_VARIABLE = YES;
				LOCALIZATION_PREFERS_STRING_CATALOGS = YES;
				MACOSX_DEPLOYMENT_TARGET = 14.4;
				MTL_ENABLE_DEBUG_INFO = NO;
				MTL_FAST_MATH = YES;
				PRODUCT_NAME = "$(TARGET_NAME)";
				SDKROOT = macosx;
			};
			name = Release;
		};
		3F9D4DF42BE81F3700353424 /* MinSizeRel */ = {
			isa = XCBuildConfiguration;
			buildSettings = {
				ALWAYS_SEARCH_USER_PATHS = NO;
				ASSETCATALOG_COMPILER_GENERATE_SWIFT_ASSET_SYMBOL_EXTENSIONS = YES;
				CLANG_ANALYZER_NONNULL = YES;
				CLANG_ANALYZER_NUMBER_OBJECT_CONVERSION = YES_AGGRESSIVE;
				CLANG_CXX_LANGUAGE_STANDARD = "gnu++20";
				CLANG_ENABLE_MODULES = YES;
				CLANG_ENABLE_OBJC_ARC = YES;
				CLANG_ENABLE_OBJC_WEAK = YES;
				CLANG_WARN_BLOCK_CAPTURE_AUTORELEASING = YES;
				CLANG_WARN_BOOL_CONVERSION = YES;
				CLANG_WARN_COMMA = YES;
				CLANG_WARN_CONSTANT_CONVERSION = YES;
				CLANG_WARN_DEPRECATED_OBJC_IMPLEMENTATIONS = YES;
				CLANG_WARN_DIRECT_OBJC_ISA_USAGE = YES_ERROR;
				CLANG_WARN_DOCUMENTATION_COMMENTS = YES;
				CLANG_WARN_EMPTY_BODY = YES;
				CLANG_WARN_ENUM_CONVERSION = YES;
				CLANG_WARN_INFINITE_RECURSION = YES;
				CLANG_WARN_INT_CONVERSION = YES;
				CLANG_WARN_NON_LITERAL_NULL_CONVERSION = YES;
				CLANG_WARN_OBJC_IMPLICIT_RETAIN_SELF = YES;
				CLANG_WARN_OBJC_LITERAL_CONVERSION = YES;
				CLANG_WARN_OBJC_ROOT_CLASS = YES_ERROR;
				CLANG_WARN_QUOTED_INCLUDE_IN_FRAMEWORK_HEADER = YES;
				CLANG_WARN_RANGE_LOOP_ANALYSIS = YES;
				CLANG_WARN_STRICT_PROTOTYPES = YES;
				CLANG_WARN_SUSPICIOUS_MOVE = YES;
				CLANG_WARN_UNGUARDED_AVAILABILITY = YES_AGGRESSIVE;
				CLANG_WARN_UNREACHABLE_CODE = YES;
				CLANG_WARN__DUPLICATE_METHOD_MATCH = YES;
				CODE_SIGN_STYLE = Automatic;
				COPY_PHASE_STRIP = NO;
				DEBUG_INFORMATION_FORMAT = "dwarf-with-dsym";
				ENABLE_NS_ASSERTIONS = NO;
				ENABLE_STRICT_OBJC_MSGSEND = YES;
				ENABLE_USER_SCRIPT_SANDBOXING = YES;
				GCC_C_LANGUAGE_STANDARD = gnu17;
				GCC_NO_COMMON_BLOCKS = YES;
				GCC_WARN_64_TO_32_BIT_CONVERSION = YES;
				GCC_WARN_ABOUT_RETURN_TYPE = YES_ERROR;
				GCC_WARN_UNDECLARED_SELECTOR = YES;
				GCC_WARN_UNINITIALIZED_AUTOS = YES_AGGRESSIVE;
				GCC_WARN_UNUSED_FUNCTION = YES;
				GCC_WARN_UNUSED_VARIABLE = YES;
				LOCALIZATION_PREFERS_STRING_CATALOGS = YES;
				MACOSX_DEPLOYMENT_TARGET = 14.4;
				MTL_ENABLE_DEBUG_INFO = NO;
				MTL_FAST_MATH = YES;
				PRODUCT_NAME = "$(TARGET_NAME)";
				SDKROOT = macosx;
			};
			name = MinSizeRel;
		};
		3F9D4DF52BE81F3700353424 /* RelWithDebInfo */ = {
			isa = XCBuildConfiguration;
			buildSettings = {
				ALWAYS_SEARCH_USER_PATHS = NO;
				ASSETCATALOG_COMPILER_GENERATE_SWIFT_ASSET_SYMBOL_EXTENSIONS = YES;
				CLANG_ANALYZER_NONNULL = YES;
				CLANG_ANALYZER_NUMBER_OBJECT_CONVERSION = YES_AGGRESSIVE;
				CLANG_CXX_LANGUAGE_STANDARD = "gnu++20";
				CLANG_ENABLE_MODULES = YES;
				CLANG_ENABLE_OBJC_ARC = YES;
				CLANG_ENABLE_OBJC_WEAK = YES;
				CLANG_WARN_BLOCK_CAPTURE_AUTORELEASING = YES;
				CLANG_WARN_BOOL_CONVERSION = YES;
				CLANG_WARN_COMMA = YES;
				CLANG_WARN_CONSTANT_CONVERSION = YES;
				CLANG_WARN_DEPRECATED_OBJC_IMPLEMENTATIONS = YES;
				CLANG_WARN_DIRECT_OBJC_ISA_USAGE = YES_ERROR;
				CLANG_WARN_DOCUMENTATION_COMMENTS = YES;
				CLANG_WARN_EMPTY_BODY = YES;
				CLANG_WARN_ENUM_CONVERSION = YES;
				CLANG_WARN_INFINITE_RECURSION = YES;
				CLANG_WARN_INT_CONVERSION = YES;
				CLANG_WARN_NON_LITERAL_NULL_CONVERSION = YES;
				CLANG_WARN_OBJC_IMPLICIT_RETAIN_SELF = YES;
				CLANG_WARN_OBJC_LITERAL_CONVERSION = YES;
				CLANG_WARN_OBJC_ROOT_CLASS = YES_ERROR;
				CLANG_WARN_QUOTED_INCLUDE_IN_FRAMEWORK_HEADER = YES;
				CLANG_WARN_RANGE_LOOP_ANALYSIS = YES;
				CLANG_WARN_STRICT_PROTOTYPES = YES;
				CLANG_WARN_SUSPICIOUS_MOVE = YES;
				CLANG_WARN_UNGUARDED_AVAILABILITY = YES_AGGRESSIVE;
				CLANG_WARN_UNREACHABLE_CODE = YES;
				CLANG_WARN__DUPLICATE_METHOD_MATCH = YES;
				CODE_SIGN_STYLE = Automatic;
				COPY_PHASE_STRIP = NO;
				DEBUG_INFORMATION_FORMAT = "dwarf-with-dsym";
				ENABLE_NS_ASSERTIONS = NO;
				ENABLE_STRICT_OBJC_MSGSEND = YES;
				ENABLE_USER_SCRIPT_SANDBOXING = YES;
				GCC_C_LANGUAGE_STANDARD = gnu17;
				GCC_NO_COMMON_BLOCKS = YES;
				GCC_WARN_64_TO_32_BIT_CONVERSION = YES;
				GCC_WARN_ABOUT_RETURN_TYPE = YES_ERROR;
				GCC_WARN_UNDECLARED_SELECTOR = YES;
				GCC_WARN_UNINITIALIZED_AUTOS = YES_AGGRESSIVE;
				GCC_WARN_UNUSED_FUNCTION = YES;
				GCC_WARN_UNUSED_VARIABLE = YES;
				LOCALIZATION_PREFERS_STRING_CATALOGS = YES;
				MACOSX_DEPLOYMENT_TARGET = 14.4;
				MTL_ENABLE_DEBUG_INFO = NO;
				MTL_FAST_MATH = YES;
				PRODUCT_NAME = "$(TARGET_NAME)";
				SDKROOT = macosx;
			};
			name = RelWithDebInfo;
		};
		4FDA6FB3E93842B9B443ACF7 /* Release */ = {
			isa = XCBuildConfiguration;
			buildSettings = {
				ALWAYS_SEARCH_USER_PATHS = NO;
				COMBINE_HIDPI_IMAGES = YES;
				GCC_GENERATE_DEBUGGING_SYMBOLS = YES;
				GCC_INLINES_ARE_PRIVATE_EXTERN = NO;
				GCC_OPTIMIZATION_LEVEL = 0;
				GCC_PREPROCESSOR_DEFINITIONS = (
					"'CMAKE_INTDIR=\"$(CONFIGURATION)$(EFFECTIVE_PLATFORM_NAME)\"'",
					"$(inherited)",
				);
				GCC_SYMBOLS_PRIVATE_EXTERN = NO;
				INSTALL_PATH = "";
				OTHER_LDFLAGS = " $(inherited)";
				OTHER_REZFLAGS = "";
				PRODUCT_NAME = test_lasagna;
				SECTORDER_FLAGS = "";
				USE_HEADERMAP = NO;
				WARNING_CFLAGS = "$(inherited)";
			};
			name = Release;
		};
		560E8116E8AE457FA8D512BF /* Debug */ = {
			isa = XCBuildConfiguration;
			buildSettings = {
				ALWAYS_SEARCH_USER_PATHS = NO;
				COMBINE_HIDPI_IMAGES = YES;
				CONFIGURATION_BUILD_DIR = "/Users/jocelinqueau/Desktop/jocyhome/personal-code/exercisms/cpp/lasagna/Debug";
				EXECUTABLE_PREFIX = "";
				EXECUTABLE_SUFFIX = "";
				GCC_GENERATE_DEBUGGING_SYMBOLS = YES;
				GCC_INLINES_ARE_PRIVATE_EXTERN = NO;
				GCC_OPTIMIZATION_LEVEL = 0;
				GCC_PREPROCESSOR_DEFINITIONS = (
					"'CMAKE_INTDIR=\"$(CONFIGURATION)$(EFFECTIVE_PLATFORM_NAME)\"'",
					"$(inherited)",
				);
				GCC_SYMBOLS_PRIVATE_EXTERN = NO;
				INSTALL_PATH = "";
				OTHER_CPLUSPLUSFLAGS = (
					"'-std=c++17'",
					"-Wall",
					"-Wextra",
					"-Wpedantic",
					"-Werror",
					"-Wno-unused-parameter",
				);
				OTHER_LDFLAGS = (
					"-Wl,-search_paths_first",
					"-Wl,-headerpad_max_install_names",
					"$(inherited)",
				);
				OTHER_REZFLAGS = "";
				PRODUCT_NAME = lasagna;
				SECTORDER_FLAGS = "";
				TARGET_TEMP_DIR = "/Users/jocelinqueau/Desktop/jocyhome/personal-code/exercisms/cpp/lasagna/build/lasagna.build/$(CONFIGURATION)$(EFFECTIVE_PLATFORM_NAME)";
				USE_HEADERMAP = NO;
				WARNING_CFLAGS = "$(inherited)";
			};
			name = Debug;
		};
		5B5470CAD2874F68AFF164B2 /* MinSizeRel */ = {
			isa = XCBuildConfiguration;
			buildSettings = {
				ALWAYS_SEARCH_USER_PATHS = NO;
				COMBINE_HIDPI_IMAGES = YES;
				CONFIGURATION_BUILD_DIR = "/Users/jocelinqueau/Desktop/jocyhome/personal-code/exercisms/cpp/lasagna/MinSizeRel";
				EXECUTABLE_PREFIX = "";
				EXECUTABLE_SUFFIX = "";
				GCC_GENERATE_DEBUGGING_SYMBOLS = NO;
				GCC_INLINES_ARE_PRIVATE_EXTERN = NO;
				GCC_OPTIMIZATION_LEVEL = s;
				GCC_PREPROCESSOR_DEFINITIONS = (
					"'CMAKE_INTDIR=\"$(CONFIGURATION)$(EFFECTIVE_PLATFORM_NAME)\"'",
					"$(inherited)",
				);
				GCC_SYMBOLS_PRIVATE_EXTERN = NO;
				INSTALL_PATH = "";
				OTHER_CPLUSPLUSFLAGS = (
					"-DNDEBUG",
					"'-std=c++17'",
					"-Wall",
					"-Wextra",
					"-Wpedantic",
					"-Werror",
					"-Wno-unused-parameter",
				);
				OTHER_LDFLAGS = (
					"-Wl,-search_paths_first",
					"-Wl,-headerpad_max_install_names",
					"$(inherited)",
				);
				OTHER_REZFLAGS = "";
				PRODUCT_NAME = lasagna;
				SECTORDER_FLAGS = "";
				TARGET_TEMP_DIR = "/Users/jocelinqueau/Desktop/jocyhome/personal-code/exercisms/cpp/lasagna/build/lasagna.build/$(CONFIGURATION)$(EFFECTIVE_PLATFORM_NAME)";
				USE_HEADERMAP = NO;
				WARNING_CFLAGS = "$(inherited)";
			};
			name = MinSizeRel;
		};
		8BCC3C36237C4AE9A6364EB9 /* MinSizeRel */ = {
			isa = XCBuildConfiguration;
			buildSettings = {
				ALWAYS_SEARCH_USER_PATHS = NO;
				COMBINE_HIDPI_IMAGES = YES;
				GCC_GENERATE_DEBUGGING_SYMBOLS = YES;
				GCC_INLINES_ARE_PRIVATE_EXTERN = NO;
				GCC_OPTIMIZATION_LEVEL = 0;
				GCC_PREPROCESSOR_DEFINITIONS = (
					"'CMAKE_INTDIR=\"$(CONFIGURATION)$(EFFECTIVE_PLATFORM_NAME)\"'",
					"$(inherited)",
				);
				GCC_SYMBOLS_PRIVATE_EXTERN = NO;
				INSTALL_PATH = "";
				OTHER_LDFLAGS = " $(inherited)";
				OTHER_REZFLAGS = "";
				PRODUCT_NAME = ZERO_CHECK;
				SECTORDER_FLAGS = "";
				USE_HEADERMAP = NO;
				WARNING_CFLAGS = "$(inherited)";
			};
			name = MinSizeRel;
		};
		8EA72D534D384415B5B87AA9 /* Release */ = {
			isa = XCBuildConfiguration;
			buildSettings = {
				ARCHS = "$(NATIVE_ARCH_ACTUAL)";
				ONLY_ACTIVE_ARCH = YES;
				SDKROOT = /Applications/Xcode.app/Contents/Developer/Platforms/MacOSX.platform/Developer/SDKs/MacOSX14.4.sdk;
				SWIFT_COMPILATION_MODE = wholemodule;
				SYMROOT = "/Users/jocelinqueau/Desktop/jocyhome/personal-code/exercisms/cpp/lasagna/build";
			};
			name = Release;
		};
		B58FC5F6210D424C83A51264 /* Release */ = {
			isa = XCBuildConfiguration;
			buildSettings = {
				ALWAYS_SEARCH_USER_PATHS = NO;
				COMBINE_HIDPI_IMAGES = YES;
				GCC_GENERATE_DEBUGGING_SYMBOLS = YES;
				GCC_INLINES_ARE_PRIVATE_EXTERN = NO;
				GCC_OPTIMIZATION_LEVEL = 0;
				GCC_PREPROCESSOR_DEFINITIONS = (
					"'CMAKE_INTDIR=\"$(CONFIGURATION)$(EFFECTIVE_PLATFORM_NAME)\"'",
					"$(inherited)",
				);
				GCC_SYMBOLS_PRIVATE_EXTERN = NO;
				INSTALL_PATH = "";
				OTHER_LDFLAGS = " $(inherited)";
				OTHER_REZFLAGS = "";
				PRODUCT_NAME = ALL_BUILD;
				SECTORDER_FLAGS = "";
				USE_HEADERMAP = NO;
				WARNING_CFLAGS = "$(inherited)";
			};
			name = Release;
		};
		D05A5E1A01F7448CBA6D0BE0 /* RelWithDebInfo */ = {
			isa = XCBuildConfiguration;
			buildSettings = {
				ALWAYS_SEARCH_USER_PATHS = NO;
				COMBINE_HIDPI_IMAGES = YES;
				GCC_GENERATE_DEBUGGING_SYMBOLS = YES;
				GCC_INLINES_ARE_PRIVATE_EXTERN = NO;
				GCC_OPTIMIZATION_LEVEL = 0;
				GCC_PREPROCESSOR_DEFINITIONS = (
					"'CMAKE_INTDIR=\"$(CONFIGURATION)$(EFFECTIVE_PLATFORM_NAME)\"'",
					"$(inherited)",
				);
				GCC_SYMBOLS_PRIVATE_EXTERN = NO;
				INSTALL_PATH = "";
				OTHER_LDFLAGS = " $(inherited)";
				OTHER_REZFLAGS = "";
				PRODUCT_NAME = ALL_BUILD;
				SECTORDER_FLAGS = "";
				USE_HEADERMAP = NO;
				WARNING_CFLAGS = "$(inherited)";
			};
			name = RelWithDebInfo;
		};
		DC97D1D468E14A40A5AC6488 /* Debug */ = {
			isa = XCBuildConfiguration;
			buildSettings = {
				ALWAYS_SEARCH_USER_PATHS = NO;
				COMBINE_HIDPI_IMAGES = YES;
				GCC_GENERATE_DEBUGGING_SYMBOLS = YES;
				GCC_INLINES_ARE_PRIVATE_EXTERN = NO;
				GCC_OPTIMIZATION_LEVEL = 0;
				GCC_PREPROCESSOR_DEFINITIONS = (
					"'CMAKE_INTDIR=\"$(CONFIGURATION)$(EFFECTIVE_PLATFORM_NAME)\"'",
					"$(inherited)",
				);
				GCC_SYMBOLS_PRIVATE_EXTERN = NO;
				INSTALL_PATH = "";
				OTHER_LDFLAGS = " $(inherited)";
				OTHER_REZFLAGS = "";
				PRODUCT_NAME = test_lasagna;
				SECTORDER_FLAGS = "";
				USE_HEADERMAP = NO;
				WARNING_CFLAGS = "$(inherited)";
			};
			name = Debug;
		};
		DF9999DB311C4019A13E936E /* Debug */ = {
			isa = XCBuildConfiguration;
			buildSettings = {
				ALWAYS_SEARCH_USER_PATHS = NO;
				COMBINE_HIDPI_IMAGES = YES;
				GCC_GENERATE_DEBUGGING_SYMBOLS = YES;
				GCC_INLINES_ARE_PRIVATE_EXTERN = NO;
				GCC_OPTIMIZATION_LEVEL = 0;
				GCC_PREPROCESSOR_DEFINITIONS = (
					"'CMAKE_INTDIR=\"$(CONFIGURATION)$(EFFECTIVE_PLATFORM_NAME)\"'",
					"$(inherited)",
				);
				GCC_SYMBOLS_PRIVATE_EXTERN = NO;
				INSTALL_PATH = "";
				OTHER_LDFLAGS = " $(inherited)";
				OTHER_REZFLAGS = "";
				PRODUCT_NAME = ZERO_CHECK;
				SECTORDER_FLAGS = "";
				USE_HEADERMAP = NO;
				WARNING_CFLAGS = "$(inherited)";
			};
			name = Debug;
		};
		E831293A28EB486D832FF702 /* RelWithDebInfo */ = {
			isa = XCBuildConfiguration;
			buildSettings = {
				ALWAYS_SEARCH_USER_PATHS = NO;
				COMBINE_HIDPI_IMAGES = YES;
				CONFIGURATION_BUILD_DIR = "/Users/jocelinqueau/Desktop/jocyhome/personal-code/exercisms/cpp/lasagna/RelWithDebInfo";
				EXECUTABLE_PREFIX = "";
				EXECUTABLE_SUFFIX = "";
				GCC_GENERATE_DEBUGGING_SYMBOLS = YES;
				GCC_INLINES_ARE_PRIVATE_EXTERN = NO;
				GCC_OPTIMIZATION_LEVEL = 2;
				GCC_PREPROCESSOR_DEFINITIONS = (
					"'CMAKE_INTDIR=\"$(CONFIGURATION)$(EFFECTIVE_PLATFORM_NAME)\"'",
					"$(inherited)",
				);
				GCC_SYMBOLS_PRIVATE_EXTERN = NO;
				INSTALL_PATH = "";
				OTHER_CPLUSPLUSFLAGS = (
					"-DNDEBUG",
					"'-std=c++17'",
					"-Wall",
					"-Wextra",
					"-Wpedantic",
					"-Werror",
					"-Wno-unused-parameter",
				);
				OTHER_LDFLAGS = (
					"-Wl,-search_paths_first",
					"-Wl,-headerpad_max_install_names",
					"$(inherited)",
				);
				OTHER_REZFLAGS = "";
				PRODUCT_NAME = lasagna;
				SECTORDER_FLAGS = "";
				TARGET_TEMP_DIR = "/Users/jocelinqueau/Desktop/jocyhome/personal-code/exercisms/cpp/lasagna/build/lasagna.build/$(CONFIGURATION)$(EFFECTIVE_PLATFORM_NAME)";
				USE_HEADERMAP = NO;
				WARNING_CFLAGS = "$(inherited)";
			};
			name = RelWithDebInfo;
		};
		F69BE76654B4446BBDA90EC3 /* MinSizeRel */ = {
			isa = XCBuildConfiguration;
			buildSettings = {
				ALWAYS_SEARCH_USER_PATHS = NO;
				COMBINE_HIDPI_IMAGES = YES;
				GCC_GENERATE_DEBUGGING_SYMBOLS = YES;
				GCC_INLINES_ARE_PRIVATE_EXTERN = NO;
				GCC_OPTIMIZATION_LEVEL = 0;
				GCC_PREPROCESSOR_DEFINITIONS = (
					"'CMAKE_INTDIR=\"$(CONFIGURATION)$(EFFECTIVE_PLATFORM_NAME)\"'",
					"$(inherited)",
				);
				GCC_SYMBOLS_PRIVATE_EXTERN = NO;
				INSTALL_PATH = "";
				OTHER_LDFLAGS = " $(inherited)";
				OTHER_REZFLAGS = "";
				PRODUCT_NAME = ALL_BUILD;
				SECTORDER_FLAGS = "";
				USE_HEADERMAP = NO;
				WARNING_CFLAGS = "$(inherited)";
			};
			name = MinSizeRel;
		};
		FADA7C38C12549FC8726230F /* Debug */ = {
			isa = XCBuildConfiguration;
			buildSettings = {
				ARCHS = "$(NATIVE_ARCH_ACTUAL)";
				ONLY_ACTIVE_ARCH = YES;
				SDKROOT = /Applications/Xcode.app/Contents/Developer/Platforms/MacOSX.platform/Developer/SDKs/MacOSX14.4.sdk;
				SYMROOT = "/Users/jocelinqueau/Desktop/jocyhome/personal-code/exercisms/cpp/lasagna/build";
			};
			name = Debug;
		};
		FAE3CAD7214742F0A3EBEBA3 /* Release */ = {
			isa = XCBuildConfiguration;
			buildSettings = {
				ALWAYS_SEARCH_USER_PATHS = NO;
				COMBINE_HIDPI_IMAGES = YES;
				GCC_GENERATE_DEBUGGING_SYMBOLS = YES;
				GCC_INLINES_ARE_PRIVATE_EXTERN = NO;
				GCC_OPTIMIZATION_LEVEL = 0;
				GCC_PREPROCESSOR_DEFINITIONS = (
					"'CMAKE_INTDIR=\"$(CONFIGURATION)$(EFFECTIVE_PLATFORM_NAME)\"'",
					"$(inherited)",
				);
				GCC_SYMBOLS_PRIVATE_EXTERN = NO;
				INSTALL_PATH = "";
				OTHER_LDFLAGS = " $(inherited)";
				OTHER_REZFLAGS = "";
				PRODUCT_NAME = ZERO_CHECK;
				SECTORDER_FLAGS = "";
				USE_HEADERMAP = NO;
				WARNING_CFLAGS = "$(inherited)";
			};
			name = Release;
		};
		FB14D87BD3934597A7EB0E8F /* MinSizeRel */ = {
			isa = XCBuildConfiguration;
			buildSettings = {
				ALWAYS_SEARCH_USER_PATHS = NO;
				COMBINE_HIDPI_IMAGES = YES;
				GCC_GENERATE_DEBUGGING_SYMBOLS = YES;
				GCC_INLINES_ARE_PRIVATE_EXTERN = NO;
				GCC_OPTIMIZATION_LEVEL = 0;
				GCC_PREPROCESSOR_DEFINITIONS = (
					"'CMAKE_INTDIR=\"$(CONFIGURATION)$(EFFECTIVE_PLATFORM_NAME)\"'",
					"$(inherited)",
				);
				GCC_SYMBOLS_PRIVATE_EXTERN = NO;
				INSTALL_PATH = "";
				OTHER_LDFLAGS = " $(inherited)";
				OTHER_REZFLAGS = "";
				PRODUCT_NAME = test_lasagna;
				SECTORDER_FLAGS = "";
				USE_HEADERMAP = NO;
				WARNING_CFLAGS = "$(inherited)";
			};
			name = MinSizeRel;
		};
/* End XCBuildConfiguration section */

/* Begin XCConfigurationList section */
		0E509BB2F3884A3ABF9CA206 /* Build configuration list for PBXNativeTarget "lasagna" */ = {
			isa = XCConfigurationList;
			buildConfigurations = (
				560E8116E8AE457FA8D512BF /* Debug */,
				003A734D81194DCEB1DEA92E /* Release */,
				5B5470CAD2874F68AFF164B2 /* MinSizeRel */,
				E831293A28EB486D832FF702 /* RelWithDebInfo */,
			);
			defaultConfigurationIsVisible = 0;
			defaultConfigurationName = Debug;
		};
		2C8AA7CB0E5F49ADA2D2B199 /* Build configuration list for PBXAggregateTarget "ALL_BUILD" */ = {
			isa = XCConfigurationList;
			buildConfigurations = (
				1BC34CF11F604CF396F4DE1B /* Debug */,
				B58FC5F6210D424C83A51264 /* Release */,
				F69BE76654B4446BBDA90EC3 /* MinSizeRel */,
				D05A5E1A01F7448CBA6D0BE0 /* RelWithDebInfo */,
			);
			defaultConfigurationIsVisible = 0;
			defaultConfigurationName = Debug;
		};
		3F9D4DF62BE81F3700353424 /* Build configuration list for PBXNativeTarget "-" */ = {
			isa = XCConfigurationList;
			buildConfigurations = (
				3F9D4DF22BE81F3700353424 /* Debug */,
				3F9D4DF32BE81F3700353424 /* Release */,
				3F9D4DF42BE81F3700353424 /* MinSizeRel */,
				3F9D4DF52BE81F3700353424 /* RelWithDebInfo */,
			);
			defaultConfigurationIsVisible = 0;
			defaultConfigurationName = Debug;
		};
		3FFC41CC04FD4876BD8F9D7C /* Build configuration list for PBXAggregateTarget "ZERO_CHECK" */ = {
			isa = XCConfigurationList;
			buildConfigurations = (
				DF9999DB311C4019A13E936E /* Debug */,
				FAE3CAD7214742F0A3EBEBA3 /* Release */,
				8BCC3C36237C4AE9A6364EB9 /* MinSizeRel */,
				25FB1C234257483A851E374D /* RelWithDebInfo */,
			);
			defaultConfigurationIsVisible = 0;
			defaultConfigurationName = Debug;
		};
		7FF83C3E894A45BFA000E2C5 /* Build configuration list for PBXAggregateTarget "test_lasagna" */ = {
			isa = XCConfigurationList;
			buildConfigurations = (
				DC97D1D468E14A40A5AC6488 /* Debug */,
				4FDA6FB3E93842B9B443ACF7 /* Release */,
				FB14D87BD3934597A7EB0E8F /* MinSizeRel */,
				33C40FCD14C44CC096DAC95C /* RelWithDebInfo */,
			);
			defaultConfigurationIsVisible = 0;
			defaultConfigurationName = Debug;
		};
		A54A67CE1E0E4169B118AF7E /* Build configuration list for PBXProject "lasagna" */ = {
			isa = XCConfigurationList;
			buildConfigurations = (
				FADA7C38C12549FC8726230F /* Debug */,
				8EA72D534D384415B5B87AA9 /* Release */,
				0DAAB913829E4836A3EEFECF /* MinSizeRel */,
				3B7B43D011934E4A9E96D048 /* RelWithDebInfo */,
			);
			defaultConfigurationIsVisible = 0;
			defaultConfigurationName = Debug;
		};
/* End XCConfigurationList section */
	};
	rootObject = 59A0866312914FC7B198018F /* Project object */;
}
